
Microsoft Visual Studio Solution File, Format Version 12.00
# Visual Studio Version 16
VisualStudioVersion = 16.0.31424.327
MinimumVisualStudioVersion = 10.0.40219.1
Project("{FAE04EC0-301F-11D3-BF4B-00C04F79EFBC}") = "Vertmarkets.MagazineStore", "Vertmarkets.MagazineStore\Vertmarkets.MagazineStore.csproj", "{F149328F-1958-4A88-9A85-3EF836E0F52C}"
EndProject
Project("{FAE04EC0-301F-11D3-BF4B-00C04F79EFBC}") = "Vertmarkets.Common.MSHttpClient", "Vertmarkets.Common\Vertmarkets.Common.MSHttpClient.csproj", "{1D3C0C91-4FF2-4934-A67A-85B14968EC9D}"
EndProject
Project("{FAE04EC0-301F-11D3-BF4B-00C04F79EFBC}") = "Vertmarkets.Common.Contracts", "Vertmarkets.Common.Contracts\Vertmarkets.Common.Contracts.csproj", "{4174136C-BAC5-471B-84FA-DD442755AF84}"
EndProject
Global
	GlobalSection(SolutionConfigurationPlatforms) = preSolution
		Debug|Any CPU = Debug|Any CPU
		Release|Any CPU = Release|Any CPU
	EndGlobalSection
	GlobalSection(ProjectConfigurationPlatforms) = postSolution
		{F149328F-1958-4A88-9A85-3EF836E0F52C}.Debug|Any CPU.ActiveCfg = Debug|Any CPU
		{F149328F-1958-4A88-9A85-3EF836E0F52C}.Debug|Any CPU.Build.0 = Debug|Any CPU
		{F149328F-1958-4A88-9A85-3EF836E0F52C}.Release|Any CPU.ActiveCfg = Release|Any CPU
		{F149328F-1958-4A88-9A85-3EF836E0F52C}.Release|Any CPU.Build.0 = Release|Any CPU
		{1D3C0C91-4FF2-4934-A67A-85B14968EC9D}.Debug|Any CPU.ActiveCfg = Debug|Any CPU
		{1D3C0C91-4FF2-4934-A67A-85B14968EC9D}.Debug|Any CPU.Build.0 = Debug|Any CPU
		{1D3C0C91-4FF2-4934-A67A-85B14968EC9D}.Release|Any CPU.ActiveCfg = Release|Any CPU
		{1D3C0C91-4FF2-4934-A67A-85B14968EC9D}.Release|Any CPU.Build.0 = Release|Any CPU
		{4174136C-BAC5-471B-84FA-DD442755AF84}.Debug|Any CPU.ActiveCfg = Debug|Any CPU
		{4174136C-BAC5-471B-84FA-DD442755AF84}.Debug|Any CPU.Build.0 = Debug|Any CPU
		{4174136C-BAC5-471B-84FA-DD442755AF84}.Release|Any CPU.ActiveCfg = Release|Any CPU
		{4174136C-BAC5-471B-84FA-DD442755AF84}.Release|Any CPU.Build.0 = Release|Any CPU
	EndGlobalSection
	GlobalSection(SolutionProperties) = preSolution
		HideSolutionNode = FALSE
	EndGlobalSection
	GlobalSection(ExtensibilityGlobals) = postSolution
		SolutionGuid = {016325A1-B6A5-4AAB-9AE7-199D5CF515BA}
	EndGlobalSection
EndGlobal
